
Microsoft Visual Studio Solution File, Format Version 12.00
# Visual Studio 15
VisualStudioVersion = 15.0.26403.7
MinimumVisualStudioVersion = 10.0.40219.1
Project("{FAE04EC0-301F-11D3-BF4B-00C04F79EFBC}") = "Darbuotojai", "Darbuotojai\Darbuotojai.csproj", "{1385222C-07B1-49CE-A732-31D4D7F1558A}"
EndProject
Global
	GlobalSection(SolutionConfigurationPlatforms) = preSolution
		Debug|Any CPU = Debug|Any CPU
		Release|Any CPU = Release|Any CPU
	EndGlobalSection
	GlobalSection(ProjectConfigurationPlatforms) = postSolution
		{1385222C-07B1-49CE-A732-31D4D7F1558A}.Debug|Any CPU.ActiveCfg = Debug|Any CPU
		{1385222C-07B1-49CE-A732-31D4D7F1558A}.Debug|Any CPU.Build.0 = Debug|Any CPU
		{1385222C-07B1-49CE-A732-31D4D7F1558A}.Release|Any CPU.ActiveCfg = Release|Any CPU
		{1385222C-07B1-49CE-A732-31D4D7F1558A}.Release|Any CPU.Build.0 = Release|Any CPU
	EndGlobalSection
	GlobalSection(SolutionProperties) = preSolution
		HideSolutionNode = FALSE
	EndGlobalSection
EndGlobal
